
Microsoft Visual Studio Solution File, Format Version 12.00
# Visual Studio Version 16
VisualStudioVersion = 16.0.33027.164
MinimumVisualStudioVersion = 10.0.40219.1
Project("{FAE04EC0-301F-11D3-BF4B-00C04F79EFBC}") = "AddressBookApp", "AddressBookApp\AddressBookApp.csproj", "{C9EE2397-AF91-473D-B6CF-0CC741565E7A}"
EndProject
Project("{FAE04EC0-301F-11D3-BF4B-00C04F79EFBC}") = "CsvImport", "CsvImport\CsvImport.csproj", "{DCDE10CC-C073-4291-AE5A-EA13677C490F}"
EndProject
Global
	GlobalSection(SolutionConfigurationPlatforms) = preSolution
		Debug|Any CPU = Debug|Any CPU
		Release|Any CPU = Release|Any CPU
	EndGlobalSection
	GlobalSection(ProjectConfigurationPlatforms) = postSolution
		{C9EE2397-AF91-473D-B6CF-0CC741565E7A}.Debug|Any CPU.ActiveCfg = Debug|Any CPU
		{C9EE2397-AF91-473D-B6CF-0CC741565E7A}.Debug|Any CPU.Build.0 = Debug|Any CPU
		{C9EE2397-AF91-473D-B6CF-0CC741565E7A}.Release|Any CPU.ActiveCfg = Release|Any CPU
		{C9EE2397-AF91-473D-B6CF-0CC741565E7A}.Release|Any CPU.Build.0 = Release|Any CPU
		{DCDE10CC-C073-4291-AE5A-EA13677C490F}.Debug|Any CPU.ActiveCfg = Debug|Any CPU
		{DCDE10CC-C073-4291-AE5A-EA13677C490F}.Debug|Any CPU.Build.0 = Debug|Any CPU
		{DCDE10CC-C073-4291-AE5A-EA13677C490F}.Release|Any CPU.ActiveCfg = Release|Any CPU
		{DCDE10CC-C073-4291-AE5A-EA13677C490F}.Release|Any CPU.Build.0 = Release|Any CPU
	EndGlobalSection
	GlobalSection(SolutionProperties) = preSolution
		HideSolutionNode = FALSE
	EndGlobalSection
	GlobalSection(ExtensibilityGlobals) = postSolution
		SolutionGuid = {B6554CC9-72B8-4EAB-A3E8-DA2D1A98DF2E}
	EndGlobalSection
EndGlobal
